
Microsoft Visual Studio Solution File, Format Version 12.00
# Visual Studio Version 17
Project("{8BC9CEB8-8B4A-11D0-8D11-00A0C91BC942}") = "Project Javos", "projects\Project Javos.vcxproj", "{3F60A90A-AB20-2541-745B-6EBEE0DA691D}"
EndProject
Project("{8BC9CEB8-8B4A-11D0-8D11-00A0C91BC942}") = "ResourceCompiler", "projects\ResourceCompiler.vcxproj", "{288AE39D-1483-02F0-3DB5-E774290DE2FB}"
EndProject
Project("{8BC9CEB8-8B4A-11D0-8D11-00A0C91BC942}") = "Stratum-Core", "projects\Stratum-Core.vcxproj", "{8B1831D3-777B-C077-2001-F92D0C438CFA}"
EndProject
Global
	GlobalSection(SolutionConfigurationPlatforms) = preSolution
		Debug|x64 = Debug|x64
		Release|x64 = Release|x64
	EndGlobalSection
	GlobalSection(ProjectConfigurationPlatforms) = postSolution
		{3F60A90A-AB20-2541-745B-6EBEE0DA691D}.Debug|x64.ActiveCfg = Debug|x64
		{3F60A90A-AB20-2541-745B-6EBEE0DA691D}.Debug|x64.Build.0 = Debug|x64
		{3F60A90A-AB20-2541-745B-6EBEE0DA691D}.Release|x64.ActiveCfg = Release|x64
		{3F60A90A-AB20-2541-745B-6EBEE0DA691D}.Release|x64.Build.0 = Release|x64
		{288AE39D-1483-02F0-3DB5-E774290DE2FB}.Debug|x64.ActiveCfg = Debug|x64
		{288AE39D-1483-02F0-3DB5-E774290DE2FB}.Debug|x64.Build.0 = Debug|x64
		{288AE39D-1483-02F0-3DB5-E774290DE2FB}.Release|x64.ActiveCfg = Release|x64
		{288AE39D-1483-02F0-3DB5-E774290DE2FB}.Release|x64.Build.0 = Release|x64
		{8B1831D3-777B-C077-2001-F92D0C438CFA}.Debug|x64.ActiveCfg = Debug|x64
		{8B1831D3-777B-C077-2001-F92D0C438CFA}.Debug|x64.Build.0 = Debug|x64
		{8B1831D3-777B-C077-2001-F92D0C438CFA}.Release|x64.ActiveCfg = Release|x64
		{8B1831D3-777B-C077-2001-F92D0C438CFA}.Release|x64.Build.0 = Release|x64
	EndGlobalSection
	GlobalSection(SolutionProperties) = preSolution
		HideSolutionNode = FALSE
	EndGlobalSection
EndGlobal
