<?xml version="1.0" encoding="utf-8"?>
<Project ToolsVersion="4.0" xmlns="http://schemas.microsoft.com/developer/msbuild/2003">
  <ItemGroup>
    <Filter Include="Archivos de origen">
      <UniqueIdentifier>{4FC737F1-C7A5-4376-A066-2A32D752A2FF}</UniqueIdentifier>
      <Extensions>cpp;c;cc;cxx;c++;cppm;ixx;def;odl;idl;hpj;bat;asm;asmx</Extensions>
    </Filter>
    <Filter Include="Archivos de encabezado">
      <UniqueIdentifier>{93995380-89BD-4b04-88EB-625FBE52EBFB}</UniqueIdentifier>
      <Extensions>h;hh;hpp;hxx;h++;hm;inl;inc;ipp;xsd</Extensions>
    </Filter>
    <Filter Include="Archivos de recursos">
      <UniqueIdentifier>{67DA6AB6-F800-4c08-8B7A-83BB121AAD01}</UniqueIdentifier>
      <Extensions>rc;ico;cur;bmp;dlg;rc2;rct;bin;rgs;gif;jpg;jpeg;jpe;resx;tiff;tif;png;wav;mfcribbon-ms</Extensions>
    </Filter>
  </ItemGroup>
  <ItemGroup>
    <ClCompile Include="Main.cpp">
      <Filter>Archivos de origen</Filter>
    </ClCompile>
    <ClCompile Include="md5.cpp">
      <Filter>Archivos de origen</Filter>
    </ClCompile>
    <ClCompile Include="bc7\Bc7Compress.cpp">
      <Filter>Archivos de origen</Filter>
    </ClCompile>
    <ClCompile Include="bc7\Bc7Core.cpp">
      <Filter>Archivos de origen</Filter>
    </ClCompile>
    <ClCompile Include="bc7\Bc7CoreMode0.cpp">
      <Filter>Archivos de origen</Filter>
    </ClCompile>
    <ClCompile Include="bc7\Bc7CoreMode1.cpp">
      <Filter>Archivos de origen</Filter>
    </ClCompile>
    <ClCompile Include="bc7\Bc7CoreMode2.cpp">
      <Filter>Archivos de origen</Filter>
    </ClCompile>
    <ClCompile Include="bc7\Bc7CoreMode3.cpp">
      <Filter>Archivos de origen</Filter>
    </ClCompile>
    <ClCompile Include="bc7\Bc7CoreMode4.cpp">
      <Filter>Archivos de origen</Filter>
    </ClCompile>
    <ClCompile Include="bc7\Bc7CoreMode5.cpp">
      <Filter>Archivos de origen</Filter>
    </ClCompile>
    <ClCompile Include="bc7\Bc7CoreMode6.cpp">
      <Filter>Archivos de origen</Filter>
    </ClCompile>
    <ClCompile Include="bc7\Bc7CoreMode6Index2.cpp">
      <Filter>Archivos de origen</Filter>
    </ClCompile>
    <ClCompile Include="bc7\Bc7CoreMode7.cpp">
      <Filter>Archivos de origen</Filter>
    </ClCompile>
    <ClCompile Include="bc7\Bc7PcaEigen.cpp">
      <Filter>Archivos de origen</Filter>
    </ClCompile>
    <ClCompile Include="bc7\Bc7Tables.cpp">
      <Filter>Archivos de origen</Filter>
    </ClCompile>
    <ClCompile Include="bc7\Metrics.cpp">
      <Filter>Archivos de origen</Filter>
    </ClCompile>
    <ClCompile Include="bc7\pch.cpp">
      <Filter>Archivos de origen</Filter>
    </ClCompile>
    <ClCompile Include="bc7\Worker.cpp">
      <Filter>Archivos de origen</Filter>
    </ClCompile>
    <ClCompile Include="etc1_utils.c">
      <Filter>Archivos de origen</Filter>
    </ClCompile>
    <ClCompile Include="image_DXT.c">
      <Filter>Archivos de origen</Filter>
    </ClCompile>
    <ClCompile Include="zlib\izlibstream.cpp">
      <Filter>Archivos de origen</Filter>
    </ClCompile>
    <ClCompile Include="zlib\ozlibstream.cpp">
      <Filter>Archivos de origen</Filter>
    </ClCompile>
    <ClCompile Include="image_helper.c">
      <Filter>Archivos de origen</Filter>
    </ClCompile>
  </ItemGroup>
  <ItemGroup>
    <ClInclude Include="md5.h">
      <Filter>Archivos de encabezado</Filter>
    </ClInclude>
    <ClInclude Include="bc7\Bc7Compress.h">
      <Filter>Archivos de encabezado</Filter>
    </ClInclude>
    <ClInclude Include="bc7\Bc7Core.h">
      <Filter>Archivos de encabezado</Filter>
    </ClInclude>
    <ClInclude Include="bc7\Bc7Mode.h">
      <Filter>Archivos de encabezado</Filter>
    </ClInclude>
    <ClInclude Include="bc7\Bc7Pca.h">
      <Filter>Archivos de encabezado</Filter>
    </ClInclude>
    <ClInclude Include="bc7\Bc7Tables.h">
      <Filter>Archivos de encabezado</Filter>
    </ClInclude>
    <ClInclude Include="bc7\Metrics.h">
      <Filter>Archivos de encabezado</Filter>
    </ClInclude>
    <ClInclude Include="bc7\pch.h">
      <Filter>Archivos de encabezado</Filter>
    </ClInclude>
    <ClInclude Include="bc7\SnippetComputeOpaqueSubset2.h">
      <Filter>Archivos de encabezado</Filter>
    </ClInclude>
    <ClInclude Include="bc7\SnippetComputeOpaqueSubset3.h">
      <Filter>Archivos de encabezado</Filter>
    </ClInclude>
    <ClInclude Include="bc7\SnippetDecompressIndexedSubset.h">
      <Filter>Archivos de encabezado</Filter>
    </ClInclude>
    <ClInclude Include="bc7\SnippetHorizontalSum4.h">
      <Filter>Archivos de encabezado</Filter>
    </ClInclude>
    <ClInclude Include="bc7\SnippetInsertRemoveZeroBit.h">
      <Filter>Archivos de encabezado</Filter>
    </ClInclude>
    <ClInclude Include="bc7\SnippetLevelsBuffer.h">
      <Filter>Archivos de encabezado</Filter>
    </ClInclude>
    <ClInclude Include="bc7\SnippetLevelsBufferHalf.h">
      <Filter>Archivos de encabezado</Filter>
    </ClInclude>
    <ClInclude Include="bc7\SnippetLevelsMinimum.h">
      <Filter>Archivos de encabezado</Filter>
    </ClInclude>
    <ClInclude Include="bc7\SnippetStoreNodeShort.h">
      <Filter>Archivos de encabezado</Filter>
    </ClInclude>
    <ClInclude Include="bc7\SnippetTargetSSSE3.h">
      <Filter>Archivos de encabezado</Filter>
    </ClInclude>
    <ClInclude Include="bc7\Worker.h">
      <Filter>Archivos de encabezado</Filter>
    </ClInclude>
    <ClInclude Include="stb_image.h">
      <Filter>Archivos de encabezado</Filter>
    </ClInclude>
    <ClInclude Include="zlib\izlibstream.h">
      <Filter>Archivos de encabezado</Filter>
    </ClInclude>
    <ClInclude Include="zlib\ozlibstream.h">
      <Filter>Archivos de encabezado</Filter>
    </ClInclude>
    <ClInclude Include="zlib\zlib_streambuf.h">
      <Filter>Archivos de encabezado</Filter>
    </ClInclude>
    <ClInclude Include="ad_mipmap.h">
      <Filter>Archivos de encabezado</Filter>
    </ClInclude>
    <ClInclude Include="etc1_utils.h">
      <Filter>Archivos de encabezado</Filter>
    </ClInclude>
    <ClInclude Include="image_DXT.h">
      <Filter>Archivos de encabezado</Filter>
    </ClInclude>
    <ClInclude Include="image_helper.h">
      <Filter>Archivos de encabezado</Filter>
    </ClInclude>
    <ClInclude Include="pkm_helper.h">
      <Filter>Archivos de encabezado</Filter>
    </ClInclude>
    <ClInclude Include="pvr_helper.h">
      <Filter>Archivos de encabezado</Filter>
    </ClInclude>
    <ClInclude Include="stb_image0.h">
      <Filter>Archivos de encabezado</Filter>
    </ClInclude>
    <ClInclude Include="stbi_DDS.h">
      <Filter>Archivos de encabezado</Filter>
    </ClInclude>
    <ClInclude Include="stbi_DDS_c.h">
      <Filter>Archivos de encabezado</Filter>
    </ClInclude>
    <ClInclude Include="stbi_ext.h">
      <Filter>Archivos de encabezado</Filter>
    </ClInclude>
    <ClInclude Include="stbi_ext_c.h">
      <Filter>Archivos de encabezado</Filter>
    </ClInclude>
    <ClInclude Include="stbi_pkm.h">
      <Filter>Archivos de encabezado</Filter>
    </ClInclude>
    <ClInclude Include="stbi_pkm_c.h">
      <Filter>Archivos de encabezado</Filter>
    </ClInclude>
    <ClInclude Include="stbi_pvr.h">
      <Filter>Archivos de encabezado</Filter>
    </ClInclude>
    <ClInclude Include="stbi_pvr_c.h">
      <Filter>Archivos de encabezado</Filter>
    </ClInclude>
  </ItemGroup>
</Project>